
Microsoft Visual Studio Solution File, Format Version 12.00
# Visual Studio Version 17
VisualStudioVersion = 17.0.31512.422
MinimumVisualStudioVersion = 10.0.40219.1
Project("{FAE04EC0-301F-11D3-BF4B-00C04F79EFBC}") = "CalculadoraTabajaraCompartilhada.ConsoleApp", "CalculadoraTabajaraCompartilhada.ConsoleApp\CalculadoraTabajaraCompartilhada.ConsoleApp.csproj", "{6F924F42-E744-4A3C-A808-A3C884FF191C}"
EndProject
Global
	GlobalSection(SolutionConfigurationPlatforms) = preSolution
		Debug|Any CPU = Debug|Any CPU
		Release|Any CPU = Release|Any CPU
	EndGlobalSection
	GlobalSection(ProjectConfigurationPlatforms) = postSolution
		{6F924F42-E744-4A3C-A808-A3C884FF191C}.Debug|Any CPU.ActiveCfg = Debug|Any CPU
		{6F924F42-E744-4A3C-A808-A3C884FF191C}.Debug|Any CPU.Build.0 = Debug|Any CPU
		{6F924F42-E744-4A3C-A808-A3C884FF191C}.Release|Any CPU.ActiveCfg = Release|Any CPU
		{6F924F42-E744-4A3C-A808-A3C884FF191C}.Release|Any CPU.Build.0 = Release|Any CPU
	EndGlobalSection
	GlobalSection(SolutionProperties) = preSolution
		HideSolutionNode = FALSE
	EndGlobalSection
	GlobalSection(ExtensibilityGlobals) = postSolution
		SolutionGuid = {E3DBFE2A-F4AF-430A-9AB1-17063B106DC9}
	EndGlobalSection
EndGlobal
